
Microsoft Visual Studio Solution File, Format Version 12.00
# Visual Studio Version 17
VisualStudioVersion = 17.3.32811.315
MinimumVisualStudioVersion = 10.0.40219.1
Project("{2150E333-8FDC-42A3-9474-1A3956D46DE8}") = "Day1", "Day1", "{03431479-73F2-4A92-8EDC-8EEE876DB3AB}"
EndProject
Project("{FAE04EC0-301F-11D3-BF4B-00C04F79EFBC}") = "Day1", "Day1\Day1\Day1.csproj", "{0BBB1EE8-0150-4A60-8BE6-6FF8202D9DBA}"
EndProject
Global
	GlobalSection(SolutionConfigurationPlatforms) = preSolution
		Debug|Any CPU = Debug|Any CPU
		Release|Any CPU = Release|Any CPU
	EndGlobalSection
	GlobalSection(ProjectConfigurationPlatforms) = postSolution
		{0BBB1EE8-0150-4A60-8BE6-6FF8202D9DBA}.Debug|Any CPU.ActiveCfg = Debug|Any CPU
		{0BBB1EE8-0150-4A60-8BE6-6FF8202D9DBA}.Debug|Any CPU.Build.0 = Debug|Any CPU
		{0BBB1EE8-0150-4A60-8BE6-6FF8202D9DBA}.Release|Any CPU.ActiveCfg = Release|Any CPU
		{0BBB1EE8-0150-4A60-8BE6-6FF8202D9DBA}.Release|Any CPU.Build.0 = Release|Any CPU
	EndGlobalSection
	GlobalSection(SolutionProperties) = preSolution
		HideSolutionNode = FALSE
	EndGlobalSection
	GlobalSection(NestedProjects) = preSolution
		{0BBB1EE8-0150-4A60-8BE6-6FF8202D9DBA} = {03431479-73F2-4A92-8EDC-8EEE876DB3AB}
	EndGlobalSection
	GlobalSection(ExtensibilityGlobals) = postSolution
		SolutionGuid = {8760ECC4-ADA7-48CD-A174-BA29A3851FD4}
	EndGlobalSection
EndGlobal
